
Microsoft Visual Studio Solution File, Format Version 12.00
# Visual Studio Version 17
VisualStudioVersion = 17.0.31903.59
MinimumVisualStudioVersion = 10.0.40219.1
Project("{FAE04EC0-301F-11D3-BF4B-00C04F79EFBC}") = "ConsoleApp1", "ConsoleApp1\ConsoleApp1.csproj", "{F5570C12-1114-4918-8DA3-C10D2A8DF911}"
EndProject
Global
	GlobalSection(SolutionConfigurationPlatforms) = preSolution
		Debug|Any CPU = Debug|Any CPU
		Release|Any CPU = Release|Any CPU
	EndGlobalSection
	GlobalSection(SolutionProperties) = preSolution
		HideSolutionNode = FALSE
	EndGlobalSection
	GlobalSection(ProjectConfigurationPlatforms) = postSolution
		{F5570C12-1114-4918-8DA3-C10D2A8DF911}.Debug|Any CPU.ActiveCfg = Debug|Any CPU
		{F5570C12-1114-4918-8DA3-C10D2A8DF911}.Debug|Any CPU.Build.0 = Debug|Any CPU
		{F5570C12-1114-4918-8DA3-C10D2A8DF911}.Release|Any CPU.ActiveCfg = Release|Any CPU
		{F5570C12-1114-4918-8DA3-C10D2A8DF911}.Release|Any CPU.Build.0 = Release|Any CPU
	EndGlobalSection
EndGlobal
